{
  "name": "com.uc.heimdall",
  "version": "2.0.37",
  "lockfileVersion": 1,
  "requires": true,
  "dependencies": {
    "athom-api": {
      "version": "2.1.179",
      "resolved": "https://registry.npmjs.org/athom-api/-/athom-api-2.1.179.tgz",
      "integrity": "sha512-DMfmsD5K1mQOfv2puInPAkt+VknCfjCiNnwRGX8sp5Lf/ypy6fMYl/I4BXx5UrspLsa9I40i8SxI4a60WbYcSw=="
    }
  }
}
