{
  "name": "com.uc.heimdall",
  "version": "2.0.16",
  "lockfileVersion": 1,
  "requires": true,
  "dependencies": {
    "athom-api": {
      "version": "2.1.166",
      "resolved": "https://registry.npmjs.org/athom-api/-/athom-api-2.1.166.tgz",
      "integrity": "sha512-j3Rq1Ijo1ixBMJA9b7IeiUwOmrdIFuY4lDjt5QCl+iQwShnVr2CsHuxMEHD5AKzaTSa/PxoI5/Kg8ImZw5UBbQ=="
    }
  }
}
