{
  "name": "com.uc.heimdall",
  "version": "2.0.0",
  "lockfileVersion": 1,
  "requires": true,
  "dependencies": {
    "athom-api": {
      "version": "2.1.147",
      "resolved": "https://registry.npmjs.org/athom-api/-/athom-api-2.1.147.tgz",
      "integrity": "sha512-eRT7gHH7iTEQrLmozLgbTAFJX0hLpJYOtEFa+Eo+ejnBsqE7xGQ00r7V4oZzy2XGK69vZ20k1fpRPKCdONThgg=="
    }
  }
}
